<?xml version="1.0" encoding="UTF-8" standalone="yes" ?>
<CodeBlocks_project_file>
	<FileVersion major="1" minor="6" />
	<Project>
		<Option title="Title" />
		<Option pch_mode="2" />
		<Option compiler="gcc" />
		<Option virtualFolders="Resources/" />
		<Build>
			<Target title="Debug">
				<Option output="bin/Debug/Title" prefix_auto="1" extension_auto="1" />
				<Option object_output="obj/Debug/" />
				<Option external_deps="D:/Programming/Projects/Win32/mingw64/x86_64-w64-mingw32/lib/libcomdlg32.a;" />
				<Option type="1" />
				<Option compiler="gcc" />
				<Option parameters="+.txt" />
				<Compiler>
					<Add option="-Wunreachable-code" />
					<Add option="-pedantic" />
					<Add option="-Wextra" />
					<Add option="-Wall" />
					<Add option="-g" />
				</Compiler>
				<Linker>
					<Add library="D:/Programming/Projects/Win32/mingw64/x86_64-w64-mingw32/lib/libcomdlg32.a" />
					<Add library="D:/Programming/Projects/Win32/mingw64/x86_64-w64-mingw32/lib/libshlwapi.a" />
					<Add library="D:/Programming/Projects/Win32/mingw64/x86_64-w64-mingw32/lib/libpathcch.a" />
				</Linker>
			</Target>
			<Target title="Release">
				<Option output="bin/Release/Title" prefix_auto="1" extension_auto="1" />
				<Option object_output="obj/Release/" />
				<Option type="0" />
				<Option compiler="gcc" />
				<Compiler>
					<Add option="-O2" />
				</Compiler>
				<Linker>
					<Add option="-s" />
				</Linker>
			</Target>
		</Build>
		<Compiler>
			<Add option="-Wall" />
		</Compiler>
		<Linker>
			<Add library="gdi32" />
			<Add library="user32" />
			<Add library="kernel32" />
			<Add library="comctl32" />
			<Add library="D:/Programming/Projects/Win32/mingw64/x86_64-w64-mingw32/lib/libcomdlg32.a" />
		</Linker>
		<Unit filename="+.txt" />
		<Unit filename="-.txt" />
		<Unit filename="array/array.c">
			<Option compilerVar="CC" />
		</Unit>
		<Unit filename="array/array.h" />
		<Unit filename="bufferedRead/bufferedRead.c">
			<Option compilerVar="CC" />
		</Unit>
		<Unit filename="bufferedRead/bufferedRead.h" />
		<Unit filename="dataModel/dataModel.c">
			<Option compilerVar="CC" />
		</Unit>
		<Unit filename="dataModel/dataModel.h" />
		<Unit filename="docker/docker.c">
			<Option compilerVar="CC" />
		</Unit>
		<Unit filename="docker/docker.h" />
		<Unit filename="font/font.c">
			<Option compilerVar="CC" />
		</Unit>
		<Unit filename="font/font.h" />
		<Unit filename="global.c">
			<Option compilerVar="CC" />
		</Unit>
		<Unit filename="global.h" />
		<Unit filename="main.c">
			<Option compilerVar="CC" />
		</Unit>
		<Unit filename="resources/about.rc">
			<Option compilerVar="WINDRES" />
		</Unit>
		<Unit filename="resources/menu.h" />
		<Unit filename="resources/reader.rc">
			<Option compilerVar="WINDRES" />
		</Unit>
		<Unit filename="resources/resource.h" />
		<Unit filename="viewModel/viewModel.c">
			<Option compilerVar="CC" />
		</Unit>
		<Unit filename="viewModel/viewModel.h" />
		<Extensions>
			<lib_finder disable_auto="1" />
		</Extensions>
	</Project>
</CodeBlocks_project_file>
